
Microsoft Visual Studio Solution File, Format Version 11.00
# Visual Studio 2010
Project("{FAE04EC0-301F-11D3-BF4B-00C04F79EFBC}") = "login", "WebApplication4\login.csproj", "{6100CC38-EED9-466E-BD2B-042200226374}"
EndProject
Global
	GlobalSection(SolutionConfigurationPlatforms) = preSolution
		Debug|Any CPU = Debug|Any CPU
		Release|Any CPU = Release|Any CPU
	EndGlobalSection
	GlobalSection(ProjectConfigurationPlatforms) = postSolution
		{6100CC38-EED9-466E-BD2B-042200226374}.Debug|Any CPU.ActiveCfg = Debug|Any CPU
		{6100CC38-EED9-466E-BD2B-042200226374}.Debug|Any CPU.Build.0 = Debug|Any CPU
		{6100CC38-EED9-466E-BD2B-042200226374}.Release|Any CPU.ActiveCfg = Release|Any CPU
		{6100CC38-EED9-466E-BD2B-042200226374}.Release|Any CPU.Build.0 = Release|Any CPU
	EndGlobalSection
	GlobalSection(SolutionProperties) = preSolution
		HideSolutionNode = FALSE
	EndGlobalSection
EndGlobal
