
Microsoft Visual Studio Solution File, Format Version 12.00
# Visual Studio Version 16
VisualStudioVersion = 16.0.32126.315
MinimumVisualStudioVersion = 10.0.40219.1
Project("{FAE04EC0-301F-11D3-BF4B-00C04F79EFBC}") = "MyCalculatorv1", "MyCalculatorv1\MyCalculatorv1.csproj", "{452ED19A-ED02-45A7-8111-7AC95E26758C}"
EndProject
Global
	GlobalSection(SolutionConfigurationPlatforms) = preSolution
		Debug|Any CPU = Debug|Any CPU
		Release|Any CPU = Release|Any CPU
	EndGlobalSection
	GlobalSection(ProjectConfigurationPlatforms) = postSolution
		{452ED19A-ED02-45A7-8111-7AC95E26758C}.Debug|Any CPU.ActiveCfg = Debug|Any CPU
		{452ED19A-ED02-45A7-8111-7AC95E26758C}.Debug|Any CPU.Build.0 = Debug|Any CPU
		{452ED19A-ED02-45A7-8111-7AC95E26758C}.Release|Any CPU.ActiveCfg = Release|Any CPU
		{452ED19A-ED02-45A7-8111-7AC95E26758C}.Release|Any CPU.Build.0 = Release|Any CPU
	EndGlobalSection
	GlobalSection(SolutionProperties) = preSolution
		HideSolutionNode = FALSE
	EndGlobalSection
	GlobalSection(ExtensibilityGlobals) = postSolution
		SolutionGuid = {68196674-5908-4E66-91E8-1562A8635674}
	EndGlobalSection
EndGlobal
