
Microsoft Visual Studio Solution File, Format Version 12.00
# Visual Studio Version 16
VisualStudioVersion = 16.0.32126.315
MinimumVisualStudioVersion = 10.0.40219.1
Project("{FAE04EC0-301F-11D3-BF4B-00C04F79EFBC}") = "regform", "regform\regform.csproj", "{7AF7696C-27E2-4FCB-BF3A-054828B6355E}"
EndProject
Global
	GlobalSection(SolutionConfigurationPlatforms) = preSolution
		Debug|Any CPU = Debug|Any CPU
		Release|Any CPU = Release|Any CPU
	EndGlobalSection
	GlobalSection(ProjectConfigurationPlatforms) = postSolution
		{7AF7696C-27E2-4FCB-BF3A-054828B6355E}.Debug|Any CPU.ActiveCfg = Debug|Any CPU
		{7AF7696C-27E2-4FCB-BF3A-054828B6355E}.Debug|Any CPU.Build.0 = Debug|Any CPU
		{7AF7696C-27E2-4FCB-BF3A-054828B6355E}.Release|Any CPU.ActiveCfg = Release|Any CPU
		{7AF7696C-27E2-4FCB-BF3A-054828B6355E}.Release|Any CPU.Build.0 = Release|Any CPU
	EndGlobalSection
	GlobalSection(SolutionProperties) = preSolution
		HideSolutionNode = FALSE
	EndGlobalSection
	GlobalSection(ExtensibilityGlobals) = postSolution
		SolutionGuid = {CB2FE9CA-A457-4094-98EF-5E9060A25498}
	EndGlobalSection
EndGlobal
